
Microsoft Visual Studio Solution File, Format Version 12.00
# Visual Studio Version 16
VisualStudioVersion = 16.0.30002.166
MinimumVisualStudioVersion = 10.0.40219.1
Project("{FAE04EC0-301F-11D3-BF4B-00C04F79EFBC}") = "ECC Library", "ECC Library.csproj", "{8D61D155-585B-46E1-A88C-AA2623D69830}"
EndProject
Global
	GlobalSection(SolutionConfigurationPlatforms) = preSolution
		SN1|Any CPU = SN1|Any CPU
		BZ|Any CPU = BZ|Any CPU
	EndGlobalSection
	GlobalSection(ProjectConfigurationPlatforms) = postSolution
		{8D61D155-585B-46E1-A88C-AA2623D69830}.SN1|Any CPU.ActiveCfg = SN1|Any CPU
		{8D61D155-585B-46E1-A88C-AA2623D69830}.SN1|Any CPU.Build.0 = SN1|Any CPU
		{8D61D155-585B-46E1-A88C-AA2623D69830}.BZ|Any CPU.ActiveCfg = BZ|Any CPU
		{8D61D155-585B-46E1-A88C-AA2623D69830}.BZ|Any CPU.Build.0 = BZ|Any CPU
	EndGlobalSection
	GlobalSection(SolutionProperties) = preSolution
		HideSolutionNode = FALSE
	EndGlobalSection
	GlobalSection(ExtensibilityGlobals) = postSolution
		SolutionGuid = {726E4BBB-073F-4632-BA49-958DEACB0564}
	EndGlobalSection
EndGlobal
